
Microsoft Visual Studio Solution File, Format Version 10.00
# Visual Studio 2008
Project("{FAE04EC0-301F-11D3-BF4B-00C04F79EFBC}") = "CreateDB", "CreateDB\CreateDB.csproj", "{942A0A0C-BED3-493B-A119-045CFB2EFD4E}"
EndProject
Project("{54435603-DBB4-11D2-8724-00A0C9A8B90C}") = "SetupDB", "SetupDB\SetupDB.vdproj", "{42BD923A-7372-43EB-9530-39A9AC01E9FA}"
EndProject
Global
	GlobalSection(SolutionConfigurationPlatforms) = preSolution
		Debug|Any CPU = Debug|Any CPU
		Release|Any CPU = Release|Any CPU
	EndGlobalSection
	GlobalSection(ProjectConfigurationPlatforms) = postSolution
		{942A0A0C-BED3-493B-A119-045CFB2EFD4E}.Debug|Any CPU.ActiveCfg = Debug|Any CPU
		{942A0A0C-BED3-493B-A119-045CFB2EFD4E}.Debug|Any CPU.Build.0 = Debug|Any CPU
		{942A0A0C-BED3-493B-A119-045CFB2EFD4E}.Release|Any CPU.ActiveCfg = Release|Any CPU
		{942A0A0C-BED3-493B-A119-045CFB2EFD4E}.Release|Any CPU.Build.0 = Release|Any CPU
		{42BD923A-7372-43EB-9530-39A9AC01E9FA}.Debug|Any CPU.ActiveCfg = Debug
		{42BD923A-7372-43EB-9530-39A9AC01E9FA}.Release|Any CPU.ActiveCfg = Release
	EndGlobalSection
	GlobalSection(SolutionProperties) = preSolution
		HideSolutionNode = FALSE
	EndGlobalSection
	GlobalSection(ExtensibilityGlobals) = postSolution
		VisualSVNWorkingCopyRoot = .
	EndGlobalSection
EndGlobal
